// !$*UTF8*$!
{
	archiveVersion = 1;
	classes = {
	};
	objectVersion = 56;
	objects = {

/* Begin PBXBuildFile section */
		A8D996942B62DB2B003600DA /* DogsApi.h in Headers */ = {isa = PBXBuildFile; fileRef = A8D996932B62DB2B003600DA /* DogsApi.h */; settings = {ATTRIBUTES = (Public, ); }; };
		A8D996972B62DB2B003600DA /* DogsApi.framework in Frameworks */ = {isa = PBXBuildFile; fileRef = A8D996912B62DB2B003600DA /* DogsApi.framework */; };
		A8D996982B62DB2B003600DA /* DogsApi.framework in Embed Frameworks */ = {isa = PBXBuildFile; fileRef = A8D996912B62DB2B003600DA /* DogsApi.framework */; settings = {ATTRIBUTES = (CodeSignOnCopy, RemoveHeadersOnCopy, ); }; };
		BADC82B92B5F0D5700B9A397 /* AppDelegate.swift in Sources */ = {isa = PBXBuildFile; fileRef = BADC82B82B5F0D5700B9A397 /* AppDelegate.swift */; };
		BADC82BB2B5F0D5700B9A397 /* SceneDelegate.swift in Sources */ = {isa = PBXBuildFile; fileRef = BADC82BA2B5F0D5700B9A397 /* SceneDelegate.swift */; };
		BADC82C22B5F0D5800B9A397 /* Assets.xcassets in Resources */ = {isa = PBXBuildFile; fileRef = BADC82C12B5F0D5800B9A397 /* Assets.xcassets */; };
		BADC82C52B5F0D5800B9A397 /* LaunchScreen.storyboard in Resources */ = {isa = PBXBuildFile; fileRef = BADC82C32B5F0D5800B9A397 /* LaunchScreen.storyboard */; };
		BADC82CE2B5F0DC700B9A397 /* DogsService.swift in Sources */ = {isa = PBXBuildFile; fileRef = BADC82CD2B5F0DC700B9A397 /* DogsService.swift */; };
		BADC82D12B5F0E4C00B9A397 /* Models.swift in Sources */ = {isa = PBXBuildFile; fileRef = BADC82D02B5F0E4C00B9A397 /* Models.swift */; };
		BADC82D32B5F147C00B9A397 /* Responses.swift in Sources */ = {isa = PBXBuildFile; fileRef = BADC82D22B5F147C00B9A397 /* Responses.swift */; };
		BADC82D52B5F148C00B9A397 /* HttpDogsService.swift in Sources */ = {isa = PBXBuildFile; fileRef = BADC82D42B5F148C00B9A397 /* HttpDogsService.swift */; };
		FF1263272B739A3A00ACFDDA /* ChallengeView.swift in Sources */ = {isa = PBXBuildFile; fileRef = FF1263262B739A3A00ACFDDA /* ChallengeView.swift */; };
		FF2C6B122B7299970052BBA2 /* ChallengeViewController.swift in Sources */ = {isa = PBXBuildFile; fileRef = FF2C6B112B7299970052BBA2 /* ChallengeViewController.swift */; };
		FF3B02A12BAC4331007F77B1 /* Coordinator.swift in Sources */ = {isa = PBXBuildFile; fileRef = FF3B02A02BAC4331007F77B1 /* Coordinator.swift */; };
		FF5C61112BA065E000757B78 /* DogsImageView.swift in Sources */ = {isa = PBXBuildFile; fileRef = FF5C61102BA065E000757B78 /* DogsImageView.swift */; };
		FFB2F2E22B9C8937005E49C3 /* DogsCoordinator.swift in Sources */ = {isa = PBXBuildFile; fileRef = FFB2F2E12B9C8937005E49C3 /* DogsCoordinator.swift */; };
		FFB2F2E42B9C943B005E49C3 /* DogsImageViewController.swift in Sources */ = {isa = PBXBuildFile; fileRef = FFB2F2E32B9C943B005E49C3 /* DogsImageViewController.swift */; };
/* End PBXBuildFile section */

/* Begin PBXContainerItemProxy section */
		A8D996952B62DB2B003600DA /* PBXContainerItemProxy */ = {
			isa = PBXContainerItemProxy;
			containerPortal = BADC82AD2B5F0D5700B9A397 /* Project object */;
			proxyType = 1;
			remoteGlobalIDString = A8D996902B62DB2B003600DA;
			remoteInfo = DogsApi;
		};
/* End PBXContainerItemProxy section */

/* Begin PBXCopyFilesBuildPhase section */
		A8D996992B62DB2B003600DA /* Embed Frameworks */ = {
			isa = PBXCopyFilesBuildPhase;
			buildActionMask = 2147483647;
			dstPath = "";
			dstSubfolderSpec = 10;
			files = (
				A8D996982B62DB2B003600DA /* DogsApi.framework in Embed Frameworks */,
			);
			name = "Embed Frameworks";
			runOnlyForDeploymentPostprocessing = 0;
		};
/* End PBXCopyFilesBuildPhase section */

/* Begin PBXFileReference section */
		A8D996912B62DB2B003600DA /* DogsApi.framework */ = {isa = PBXFileReference; explicitFileType = wrapper.framework; includeInIndex = 0; path = DogsApi.framework; sourceTree = BUILT_PRODUCTS_DIR; };
		A8D996932B62DB2B003600DA /* DogsApi.h */ = {isa = PBXFileReference; lastKnownFileType = sourcecode.c.h; path = DogsApi.h; sourceTree = "<group>"; };
		BADC82B52B5F0D5700B9A397 /* Dogs.app */ = {isa = PBXFileReference; explicitFileType = wrapper.application; includeInIndex = 0; path = Dogs.app; sourceTree = BUILT_PRODUCTS_DIR; };
		BADC82B82B5F0D5700B9A397 /* AppDelegate.swift */ = {isa = PBXFileReference; lastKnownFileType = sourcecode.swift; path = AppDelegate.swift; sourceTree = "<group>"; };
		BADC82BA2B5F0D5700B9A397 /* SceneDelegate.swift */ = {isa = PBXFileReference; lastKnownFileType = sourcecode.swift; path = SceneDelegate.swift; sourceTree = "<group>"; };
		BADC82C12B5F0D5800B9A397 /* Assets.xcassets */ = {isa = PBXFileReference; lastKnownFileType = folder.assetcatalog; path = Assets.xcassets; sourceTree = "<group>"; };
		BADC82C42B5F0D5800B9A397 /* Base */ = {isa = PBXFileReference; lastKnownFileType = file.storyboard; name = Base; path = Base.lproj/LaunchScreen.storyboard; sourceTree = "<group>"; };
		BADC82C62B5F0D5800B9A397 /* Info.plist */ = {isa = PBXFileReference; lastKnownFileType = text.plist.xml; path = Info.plist; sourceTree = "<group>"; };
		BADC82CD2B5F0DC700B9A397 /* DogsService.swift */ = {isa = PBXFileReference; lastKnownFileType = sourcecode.swift; path = DogsService.swift; sourceTree = "<group>"; };
		BADC82D02B5F0E4C00B9A397 /* Models.swift */ = {isa = PBXFileReference; lastKnownFileType = sourcecode.swift; path = Models.swift; sourceTree = "<group>"; };
		BADC82D22B5F147C00B9A397 /* Responses.swift */ = {isa = PBXFileReference; lastKnownFileType = sourcecode.swift; path = Responses.swift; sourceTree = "<group>"; };
		BADC82D42B5F148C00B9A397 /* HttpDogsService.swift */ = {isa = PBXFileReference; lastKnownFileType = sourcecode.swift; path = HttpDogsService.swift; sourceTree = "<group>"; };
		FF1263262B739A3A00ACFDDA /* ChallengeView.swift */ = {isa = PBXFileReference; lastKnownFileType = sourcecode.swift; path = ChallengeView.swift; sourceTree = "<group>"; };
		FF2C6B112B7299970052BBA2 /* ChallengeViewController.swift */ = {isa = PBXFileReference; lastKnownFileType = sourcecode.swift; path = ChallengeViewController.swift; sourceTree = "<group>"; };
		FF3B02A02BAC4331007F77B1 /* Coordinator.swift */ = {isa = PBXFileReference; lastKnownFileType = sourcecode.swift; path = Coordinator.swift; sourceTree = "<group>"; };
		FF5C61102BA065E000757B78 /* DogsImageView.swift */ = {isa = PBXFileReference; lastKnownFileType = sourcecode.swift; path = DogsImageView.swift; sourceTree = "<group>"; };
		FFB2F2E12B9C8937005E49C3 /* DogsCoordinator.swift */ = {isa = PBXFileReference; lastKnownFileType = sourcecode.swift; path = DogsCoordinator.swift; sourceTree = "<group>"; };
		FFB2F2E32B9C943B005E49C3 /* DogsImageViewController.swift */ = {isa = PBXFileReference; lastKnownFileType = sourcecode.swift; path = DogsImageViewController.swift; sourceTree = "<group>"; };
/* End PBXFileReference section */

/* Begin PBXFrameworksBuildPhase section */
		A8D9968E2B62DB2B003600DA /* Frameworks */ = {
			isa = PBXFrameworksBuildPhase;
			buildActionMask = 2147483647;
			files = (
			);
			runOnlyForDeploymentPostprocessing = 0;
		};
		BADC82B22B5F0D5700B9A397 /* Frameworks */ = {
			isa = PBXFrameworksBuildPhase;
			buildActionMask = 2147483647;
			files = (
				A8D996972B62DB2B003600DA /* DogsApi.framework in Frameworks */,
			);
			runOnlyForDeploymentPostprocessing = 0;
		};
/* End PBXFrameworksBuildPhase section */

/* Begin PBXGroup section */
		A8D996922B62DB2B003600DA /* DogsApi */ = {
			isa = PBXGroup;
			children = (
				BADC82CF2B5F0E4500B9A397 /* Model */,
				BADC82CC2B5F0DB500B9A397 /* API */,
				A8D996932B62DB2B003600DA /* DogsApi.h */,
			);
			path = DogsApi;
			sourceTree = "<group>";
		};
		BADC82AC2B5F0D5700B9A397 = {
			isa = PBXGroup;
			children = (
				BADC82B72B5F0D5700B9A397 /* Dogs */,
				A8D996922B62DB2B003600DA /* DogsApi */,
				BADC82B62B5F0D5700B9A397 /* Products */,
			);
			sourceTree = "<group>";
		};
		BADC82B62B5F0D5700B9A397 /* Products */ = {
			isa = PBXGroup;
			children = (
				BADC82B52B5F0D5700B9A397 /* Dogs.app */,
				A8D996912B62DB2B003600DA /* DogsApi.framework */,
			);
			name = Products;
			sourceTree = "<group>";
		};
		BADC82B72B5F0D5700B9A397 /* Dogs */ = {
			isa = PBXGroup;
			children = (
				BADC82B82B5F0D5700B9A397 /* AppDelegate.swift */,
				BADC82BA2B5F0D5700B9A397 /* SceneDelegate.swift */,
				FF2C6B112B7299970052BBA2 /* ChallengeViewController.swift */,
				FFB2F2E32B9C943B005E49C3 /* DogsImageViewController.swift */,
				FF1263262B739A3A00ACFDDA /* ChallengeView.swift */,
				FF5C61102BA065E000757B78 /* DogsImageView.swift */,
				FFB2F2E12B9C8937005E49C3 /* DogsCoordinator.swift */,
				FF3B02A02BAC4331007F77B1 /* Coordinator.swift */,
				BADC82C12B5F0D5800B9A397 /* Assets.xcassets */,
				BADC82C32B5F0D5800B9A397 /* LaunchScreen.storyboard */,
				BADC82C62B5F0D5800B9A397 /* Info.plist */,
			);
			path = Dogs;
			sourceTree = "<group>";
		};
		BADC82CC2B5F0DB500B9A397 /* API */ = {
			isa = PBXGroup;
			children = (
				BADC82CD2B5F0DC700B9A397 /* DogsService.swift */,
				BADC82D22B5F147C00B9A397 /* Responses.swift */,
				BADC82D42B5F148C00B9A397 /* HttpDogsService.swift */,
			);
			path = API;
			sourceTree = "<group>";
		};
		BADC82CF2B5F0E4500B9A397 /* Model */ = {
			isa = PBXGroup;
			children = (
				BADC82D02B5F0E4C00B9A397 /* Models.swift */,
			);
			path = Model;
			sourceTree = "<group>";
		};
/* End PBXGroup section */

/* Begin PBXHeadersBuildPhase section */
		A8D9968C2B62DB2B003600DA /* Headers */ = {
			isa = PBXHeadersBuildPhase;
			buildActionMask = 2147483647;
			files = (
				A8D996942B62DB2B003600DA /* DogsApi.h in Headers */,
			);
			runOnlyForDeploymentPostprocessing = 0;
		};
/* End PBXHeadersBuildPhase section */

/* Begin PBXNativeTarget section */
		A8D996902B62DB2B003600DA /* DogsApi */ = {
			isa = PBXNativeTarget;
			buildConfigurationList = A8D9969C2B62DB2B003600DA /* Build configuration list for PBXNativeTarget "DogsApi" */;
			buildPhases = (
				A8D9968C2B62DB2B003600DA /* Headers */,
				A8D9968D2B62DB2B003600DA /* Sources */,
				A8D9968E2B62DB2B003600DA /* Frameworks */,
				A8D9968F2B62DB2B003600DA /* Resources */,
			);
			buildRules = (
			);
			dependencies = (
			);
			name = DogsApi;
			productName = DogsApi;
			productReference = A8D996912B62DB2B003600DA /* DogsApi.framework */;
			productType = "com.apple.product-type.framework";
		};
		BADC82B42B5F0D5700B9A397 /* Dogs */ = {
			isa = PBXNativeTarget;
			buildConfigurationList = BADC82C92B5F0D5800B9A397 /* Build configuration list for PBXNativeTarget "Dogs" */;
			buildPhases = (
				BADC82B12B5F0D5700B9A397 /* Sources */,
				BADC82B22B5F0D5700B9A397 /* Frameworks */,
				BADC82B32B5F0D5700B9A397 /* Resources */,
				A8D996992B62DB2B003600DA /* Embed Frameworks */,
			);
			buildRules = (
			);
			dependencies = (
				A8D996962B62DB2B003600DA /* PBXTargetDependency */,
			);
			name = Dogs;
			productName = Dogs;
			productReference = BADC82B52B5F0D5700B9A397 /* Dogs.app */;
			productType = "com.apple.product-type.application";
		};
/* End PBXNativeTarget section */

/* Begin PBXProject section */
		BADC82AD2B5F0D5700B9A397 /* Project object */ = {
			isa = PBXProject;
			attributes = {
				BuildIndependentTargetsInParallel = 1;
				LastSwiftUpdateCheck = 1510;
				LastUpgradeCheck = 1510;
				TargetAttributes = {
					A8D996902B62DB2B003600DA = {
						CreatedOnToolsVersion = 15.2;
					};
					BADC82B42B5F0D5700B9A397 = {
						CreatedOnToolsVersion = 15.1;
					};
				};
			};
			buildConfigurationList = BADC82B02B5F0D5700B9A397 /* Build configuration list for PBXProject "Dogs" */;
			compatibilityVersion = "Xcode 14.0";
			developmentRegion = en;
			hasScannedForEncodings = 0;
			knownRegions = (
				en,
				Base,
			);
			mainGroup = BADC82AC2B5F0D5700B9A397;
			productRefGroup = BADC82B62B5F0D5700B9A397 /* Products */;
			projectDirPath = "";
			projectRoot = "";
			targets = (
				BADC82B42B5F0D5700B9A397 /* Dogs */,
				A8D996902B62DB2B003600DA /* DogsApi */,
			);
		};
/* End PBXProject section */

/* Begin PBXResourcesBuildPhase section */
		A8D9968F2B62DB2B003600DA /* Resources */ = {
			isa = PBXResourcesBuildPhase;
			buildActionMask = 2147483647;
			files = (
			);
			runOnlyForDeploymentPostprocessing = 0;
		};
		BADC82B32B5F0D5700B9A397 /* Resources */ = {
			isa = PBXResourcesBuildPhase;
			buildActionMask = 2147483647;
			files = (
				BADC82C52B5F0D5800B9A397 /* LaunchScreen.storyboard in Resources */,
				BADC82C22B5F0D5800B9A397 /* Assets.xcassets in Resources */,
			);
			runOnlyForDeploymentPostprocessing = 0;
		};
/* End PBXResourcesBuildPhase section */

/* Begin PBXSourcesBuildPhase section */
		A8D9968D2B62DB2B003600DA /* Sources */ = {
			isa = PBXSourcesBuildPhase;
			buildActionMask = 2147483647;
			files = (
			);
			runOnlyForDeploymentPostprocessing = 0;
		};
		BADC82B12B5F0D5700B9A397 /* Sources */ = {
			isa = PBXSourcesBuildPhase;
			buildActionMask = 2147483647;
			files = (
				BADC82D32B5F147C00B9A397 /* Responses.swift in Sources */,
				FFB2F2E42B9C943B005E49C3 /* DogsImageViewController.swift in Sources */,
				BADC82D12B5F0E4C00B9A397 /* Models.swift in Sources */,
				BADC82CE2B5F0DC700B9A397 /* DogsService.swift in Sources */,
				BADC82B92B5F0D5700B9A397 /* AppDelegate.swift in Sources */,
				FF5C61112BA065E000757B78 /* DogsImageView.swift in Sources */,
				FF1263272B739A3A00ACFDDA /* ChallengeView.swift in Sources */,
				FF2C6B122B7299970052BBA2 /* ChallengeViewController.swift in Sources */,
				FF3B02A12BAC4331007F77B1 /* Coordinator.swift in Sources */,
				BADC82D52B5F148C00B9A397 /* HttpDogsService.swift in Sources */,
				BADC82BB2B5F0D5700B9A397 /* SceneDelegate.swift in Sources */,
				FFB2F2E22B9C8937005E49C3 /* DogsCoordinator.swift in Sources */,
			);
			runOnlyForDeploymentPostprocessing = 0;
		};
/* End PBXSourcesBuildPhase section */

/* Begin PBXTargetDependency section */
		A8D996962B62DB2B003600DA /* PBXTargetDependency */ = {
			isa = PBXTargetDependency;
			target = A8D996902B62DB2B003600DA /* DogsApi */;
			targetProxy = A8D996952B62DB2B003600DA /* PBXContainerItemProxy */;
		};
/* End PBXTargetDependency section */

/* Begin PBXVariantGroup section */
		BADC82C32B5F0D5800B9A397 /* LaunchScreen.storyboard */ = {
			isa = PBXVariantGroup;
			children = (
				BADC82C42B5F0D5800B9A397 /* Base */,
			);
			name = LaunchScreen.storyboard;
			sourceTree = "<group>";
		};
/* End PBXVariantGroup section */

/* Begin XCBuildConfiguration section */
		A8D9969A2B62DB2B003600DA /* Debug */ = {
			isa = XCBuildConfiguration;
			buildSettings = {
				CODE_SIGN_STYLE = Automatic;
				CURRENT_PROJECT_VERSION = 1;
				DEFINES_MODULE = YES;
				DYLIB_COMPATIBILITY_VERSION = 1;
				DYLIB_CURRENT_VERSION = 1;
				DYLIB_INSTALL_NAME_BASE = "@rpath";
				ENABLE_MODULE_VERIFIER = YES;
				GENERATE_INFOPLIST_FILE = YES;
				INFOPLIST_KEY_NSHumanReadableCopyright = "";
				INSTALL_PATH = "$(LOCAL_LIBRARY_DIR)/Frameworks";
				IPHONEOS_DEPLOYMENT_TARGET = 16.1;
				LD_RUNPATH_SEARCH_PATHS = (
					"$(inherited)",
					"@executable_path/Frameworks",
					"@loader_path/Frameworks",
				);
				MARKETING_VERSION = 1.0;
				MODULE_VERIFIER_SUPPORTED_LANGUAGES = "objective-c objective-c++";
				MODULE_VERIFIER_SUPPORTED_LANGUAGE_STANDARDS = "gnu17 gnu++20";
				PRODUCT_BUNDLE_IDENTIFIER = com.thefael.DogsApi;
				PRODUCT_NAME = "$(TARGET_NAME:c99extidentifier)";
				SKIP_INSTALL = YES;
				SWIFT_EMIT_LOC_STRINGS = YES;
				SWIFT_VERSION = 5.0;
				TARGETED_DEVICE_FAMILY = "1,2";
				VERSIONING_SYSTEM = "apple-generic";
				VERSION_INFO_PREFIX = "";
			};
			name = Debug;
		};
		A8D9969B2B62DB2B003600DA /* Release */ = {
			isa = XCBuildConfiguration;
			buildSettings = {
				CODE_SIGN_STYLE = Automatic;
				CURRENT_PROJECT_VERSION = 1;
				DEFINES_MODULE = YES;
				DYLIB_COMPATIBILITY_VERSION = 1;
				DYLIB_CURRENT_VERSION = 1;
				DYLIB_INSTALL_NAME_BASE = "@rpath";
				ENABLE_MODULE_VERIFIER = YES;
				GENERATE_INFOPLIST_FILE = YES;
				INFOPLIST_KEY_NSHumanReadableCopyright = "";
				INSTALL_PATH = "$(LOCAL_LIBRARY_DIR)/Frameworks";
				IPHONEOS_DEPLOYMENT_TARGET = 16.1;
				LD_RUNPATH_SEARCH_PATHS = (
					"$(inherited)",
					"@executable_path/Frameworks",
					"@loader_path/Frameworks",
				);
				MARKETING_VERSION = 1.0;
				MODULE_VERIFIER_SUPPORTED_LANGUAGES = "objective-c objective-c++";
				MODULE_VERIFIER_SUPPORTED_LANGUAGE_STANDARDS = "gnu17 gnu++20";
				PRODUCT_BUNDLE_IDENTIFIER = com.thefael.DogsApi;
				PRODUCT_NAME = "$(TARGET_NAME:c99extidentifier)";
				SKIP_INSTALL = YES;
				SWIFT_EMIT_LOC_STRINGS = YES;
				SWIFT_VERSION = 5.0;
				TARGETED_DEVICE_FAMILY = "1,2";
				VERSIONING_SYSTEM = "apple-generic";
				VERSION_INFO_PREFIX = "";
			};
			name = Release;
		};
		BADC82C72B5F0D5800B9A397 /* Debug */ = {
			isa = XCBuildConfiguration;
			buildSettings = {
				ALWAYS_SEARCH_USER_PATHS = NO;
				ASSETCATALOG_COMPILER_GENERATE_SWIFT_ASSET_SYMBOL_EXTENSIONS = YES;
				CLANG_ANALYZER_NONNULL = YES;
				CLANG_ANALYZER_NUMBER_OBJECT_CONVERSION = YES_AGGRESSIVE;
				CLANG_CXX_LANGUAGE_STANDARD = "gnu++20";
				CLANG_ENABLE_MODULES = YES;
				CLANG_ENABLE_OBJC_ARC = YES;
				CLANG_ENABLE_OBJC_WEAK = YES;
				CLANG_WARN_BLOCK_CAPTURE_AUTORELEASING = YES;
				CLANG_WARN_BOOL_CONVERSION = YES;
				CLANG_WARN_COMMA = YES;
				CLANG_WARN_CONSTANT_CONVERSION = YES;
				CLANG_WARN_DEPRECATED_OBJC_IMPLEMENTATIONS = YES;
				CLANG_WARN_DIRECT_OBJC_ISA_USAGE = YES_ERROR;
				CLANG_WARN_DOCUMENTATION_COMMENTS = YES;
				CLANG_WARN_EMPTY_BODY = YES;
				CLANG_WARN_ENUM_CONVERSION = YES;
				CLANG_WARN_INFINITE_RECURSION = YES;
				CLANG_WARN_INT_CONVERSION = YES;
				CLANG_WARN_NON_LITERAL_NULL_CONVERSION = YES;
				CLANG_WARN_OBJC_IMPLICIT_RETAIN_SELF = YES;
				CLANG_WARN_OBJC_LITERAL_CONVERSION = YES;
				CLANG_WARN_OBJC_ROOT_CLASS = YES_ERROR;
				CLANG_WARN_QUOTED_INCLUDE_IN_FRAMEWORK_HEADER = YES;
				CLANG_WARN_RANGE_LOOP_ANALYSIS = YES;
				CLANG_WARN_STRICT_PROTOTYPES = YES;
				CLANG_WARN_SUSPICIOUS_MOVE = YES;
				CLANG_WARN_UNGUARDED_AVAILABILITY = YES_AGGRESSIVE;
				CLANG_WARN_UNREACHABLE_CODE = YES;
				CLANG_WARN__DUPLICATE_METHOD_MATCH = YES;
				COPY_PHASE_STRIP = NO;
				DEBUG_INFORMATION_FORMAT = dwarf;
				ENABLE_STRICT_OBJC_MSGSEND = YES;
				ENABLE_TESTABILITY = YES;
				ENABLE_USER_SCRIPT_SANDBOXING = YES;
				GCC_C_LANGUAGE_STANDARD = gnu17;
				GCC_DYNAMIC_NO_PIC = NO;
				GCC_NO_COMMON_BLOCKS = YES;
				GCC_OPTIMIZATION_LEVEL = 0;
				GCC_PREPROCESSOR_DEFINITIONS = (
					"DEBUG=1",
					"$(inherited)",
				);
				GCC_WARN_64_TO_32_BIT_CONVERSION = YES;
				GCC_WARN_ABOUT_RETURN_TYPE = YES_ERROR;
				GCC_WARN_UNDECLARED_SELECTOR = YES;
				GCC_WARN_UNINITIALIZED_AUTOS = YES_AGGRESSIVE;
				GCC_WARN_UNUSED_FUNCTION = YES;
				GCC_WARN_UNUSED_VARIABLE = YES;
				IPHONEOS_DEPLOYMENT_TARGET = 17.2;
				LOCALIZATION_PREFERS_STRING_CATALOGS = YES;
				MTL_ENABLE_DEBUG_INFO = INCLUDE_SOURCE;
				MTL_FAST_MATH = YES;
				ONLY_ACTIVE_ARCH = YES;
				SDKROOT = iphoneos;
				SWIFT_ACTIVE_COMPILATION_CONDITIONS = "DEBUG $(inherited)";
				SWIFT_OPTIMIZATION_LEVEL = "-Onone";
			};
			name = Debug;
		};
		BADC82C82B5F0D5800B9A397 /* Release */ = {
			isa = XCBuildConfiguration;
			buildSettings = {
				ALWAYS_SEARCH_USER_PATHS = NO;
				ASSETCATALOG_COMPILER_GENERATE_SWIFT_ASSET_SYMBOL_EXTENSIONS = YES;
				CLANG_ANALYZER_NONNULL = YES;
				CLANG_ANALYZER_NUMBER_OBJECT_CONVERSION = YES_AGGRESSIVE;
				CLANG_CXX_LANGUAGE_STANDARD = "gnu++20";
				CLANG_ENABLE_MODULES = YES;
				CLANG_ENABLE_OBJC_ARC = YES;
				CLANG_ENABLE_OBJC_WEAK = YES;
				CLANG_WARN_BLOCK_CAPTURE_AUTORELEASING = YES;
				CLANG_WARN_BOOL_CONVERSION = YES;
				CLANG_WARN_COMMA = YES;
				CLANG_WARN_CONSTANT_CONVERSION = YES;
				CLANG_WARN_DEPRECATED_OBJC_IMPLEMENTATIONS = YES;
				CLANG_WARN_DIRECT_OBJC_ISA_USAGE = YES_ERROR;
				CLANG_WARN_DOCUMENTATION_COMMENTS = YES;
				CLANG_WARN_EMPTY_BODY = YES;
				CLANG_WARN_ENUM_CONVERSION = YES;
				CLANG_WARN_INFINITE_RECURSION = YES;
				CLANG_WARN_INT_CONVERSION = YES;
				CLANG_WARN_NON_LITERAL_NULL_CONVERSION = YES;
				CLANG_WARN_OBJC_IMPLICIT_RETAIN_SELF = YES;
				CLANG_WARN_OBJC_LITERAL_CONVERSION = YES;
				CLANG_WARN_OBJC_ROOT_CLASS = YES_ERROR;
				CLANG_WARN_QUOTED_INCLUDE_IN_FRAMEWORK_HEADER = YES;
				CLANG_WARN_RANGE_LOOP_ANALYSIS = YES;
				CLANG_WARN_STRICT_PROTOTYPES = YES;
				CLANG_WARN_SUSPICIOUS_MOVE = YES;
				CLANG_WARN_UNGUARDED_AVAILABILITY = YES_AGGRESSIVE;
				CLANG_WARN_UNREACHABLE_CODE = YES;
				CLANG_WARN__DUPLICATE_METHOD_MATCH = YES;
				COPY_PHASE_STRIP = NO;
				DEBUG_INFORMATION_FORMAT = "dwarf-with-dsym";
				ENABLE_NS_ASSERTIONS = NO;
				ENABLE_STRICT_OBJC_MSGSEND = YES;
				ENABLE_USER_SCRIPT_SANDBOXING = YES;
				GCC_C_LANGUAGE_STANDARD = gnu17;
				GCC_NO_COMMON_BLOCKS = YES;
				GCC_WARN_64_TO_32_BIT_CONVERSION = YES;
				GCC_WARN_ABOUT_RETURN_TYPE = YES_ERROR;
				GCC_WARN_UNDECLARED_SELECTOR = YES;
				GCC_WARN_UNINITIALIZED_AUTOS = YES_AGGRESSIVE;
				GCC_WARN_UNUSED_FUNCTION = YES;
				GCC_WARN_UNUSED_VARIABLE = YES;
				IPHONEOS_DEPLOYMENT_TARGET = 17.2;
				LOCALIZATION_PREFERS_STRING_CATALOGS = YES;
				MTL_ENABLE_DEBUG_INFO = NO;
				MTL_FAST_MATH = YES;
				SDKROOT = iphoneos;
				SWIFT_COMPILATION_MODE = wholemodule;
				VALIDATE_PRODUCT = YES;
			};
			name = Release;
		};
		BADC82CA2B5F0D5800B9A397 /* Debug */ = {
			isa = XCBuildConfiguration;
			buildSettings = {
				ASSETCATALOG_COMPILER_APPICON_NAME = AppIcon;
				ASSETCATALOG_COMPILER_GLOBAL_ACCENT_COLOR_NAME = AccentColor;
				CODE_SIGN_STYLE = Automatic;
				CURRENT_PROJECT_VERSION = 1;
				GENERATE_INFOPLIST_FILE = YES;
				INFOPLIST_FILE = Dogs/Info.plist;
				INFOPLIST_KEY_UIApplicationSupportsIndirectInputEvents = YES;
				INFOPLIST_KEY_UILaunchStoryboardName = LaunchScreen;
				INFOPLIST_KEY_UISupportedInterfaceOrientations_iPad = "UIInterfaceOrientationPortrait UIInterfaceOrientationPortraitUpsideDown UIInterfaceOrientationLandscapeLeft UIInterfaceOrientationLandscapeRight";
				INFOPLIST_KEY_UISupportedInterfaceOrientations_iPhone = "UIInterfaceOrientationPortrait UIInterfaceOrientationLandscapeLeft UIInterfaceOrientationLandscapeRight";
				IPHONEOS_DEPLOYMENT_TARGET = 16.1;
				LD_RUNPATH_SEARCH_PATHS = (
					"$(inherited)",
					"@executable_path/Frameworks",
				);
				MARKETING_VERSION = 1.0;
				PRODUCT_BUNDLE_IDENTIFIER = com.deds.Dogs;
				PRODUCT_NAME = "$(TARGET_NAME)";
				SWIFT_EMIT_LOC_STRINGS = YES;
				SWIFT_VERSION = 5.0;
				TARGETED_DEVICE_FAMILY = "1,2";
			};
			name = Debug;
		};
		BADC82CB2B5F0D5800B9A397 /* Release */ = {
			isa = XCBuildConfiguration;
			buildSettings = {
				ASSETCATALOG_COMPILER_APPICON_NAME = AppIcon;
				ASSETCATALOG_COMPILER_GLOBAL_ACCENT_COLOR_NAME = AccentColor;
				CODE_SIGN_STYLE = Automatic;
				CURRENT_PROJECT_VERSION = 1;
				GENERATE_INFOPLIST_FILE = YES;
				INFOPLIST_FILE = Dogs/Info.plist;
				INFOPLIST_KEY_UIApplicationSupportsIndirectInputEvents = YES;
				INFOPLIST_KEY_UILaunchStoryboardName = LaunchScreen;
				INFOPLIST_KEY_UISupportedInterfaceOrientations_iPad = "UIInterfaceOrientationPortrait UIInterfaceOrientationPortraitUpsideDown UIInterfaceOrientationLandscapeLeft UIInterfaceOrientationLandscapeRight";
				INFOPLIST_KEY_UISupportedInterfaceOrientations_iPhone = "UIInterfaceOrientationPortrait UIInterfaceOrientationLandscapeLeft UIInterfaceOrientationLandscapeRight";
				IPHONEOS_DEPLOYMENT_TARGET = 16.1;
				LD_RUNPATH_SEARCH_PATHS = (
					"$(inherited)",
					"@executable_path/Frameworks",
				);
				MARKETING_VERSION = 1.0;
				PRODUCT_BUNDLE_IDENTIFIER = com.deds.Dogs;
				PRODUCT_NAME = "$(TARGET_NAME)";
				SWIFT_EMIT_LOC_STRINGS = YES;
				SWIFT_VERSION = 5.0;
				TARGETED_DEVICE_FAMILY = "1,2";
			};
			name = Release;
		};
/* End XCBuildConfiguration section */

/* Begin XCConfigurationList section */
		A8D9969C2B62DB2B003600DA /* Build configuration list for PBXNativeTarget "DogsApi" */ = {
			isa = XCConfigurationList;
			buildConfigurations = (
				A8D9969A2B62DB2B003600DA /* Debug */,
				A8D9969B2B62DB2B003600DA /* Release */,
			);
			defaultConfigurationIsVisible = 0;
			defaultConfigurationName = Release;
		};
		BADC82B02B5F0D5700B9A397 /* Build configuration list for PBXProject "Dogs" */ = {
			isa = XCConfigurationList;
			buildConfigurations = (
				BADC82C72B5F0D5800B9A397 /* Debug */,
				BADC82C82B5F0D5800B9A397 /* Release */,
			);
			defaultConfigurationIsVisible = 0;
			defaultConfigurationName = Release;
		};
		BADC82C92B5F0D5800B9A397 /* Build configuration list for PBXNativeTarget "Dogs" */ = {
			isa = XCConfigurationList;
			buildConfigurations = (
				BADC82CA2B5F0D5800B9A397 /* Debug */,
				BADC82CB2B5F0D5800B9A397 /* Release */,
			);
			defaultConfigurationIsVisible = 0;
			defaultConfigurationName = Release;
		};
/* End XCConfigurationList section */
	};
	rootObject = BADC82AD2B5F0D5700B9A397 /* Project object */;
}
